
Microsoft Visual Studio Solution File, Format Version 12.00
# Visual Studio Version 17
VisualStudioVersion = 17.0.31903.59
MinimumVisualStudioVersion = 10.0.40219.1
Project("{F2A71F9B-5D33-465A-A702-920D77279786}") = "Bowling", "Bowling\Bowling.fsproj", "{30CF47C3-001D-4427-AFF6-2251A3B90D0D}"
EndProject
Project("{F2A71F9B-5D33-465A-A702-920D77279786}") = "Bowling.Tests", "Bowling.Tests\Bowling.Tests.fsproj", "{3724EC20-B201-4161-8AE4-20591BAAEB2C}"
EndProject
Project("{2150E333-8FDC-42A3-9474-1A3956D46DE8}") = ".build", ".build", "{BECA4BFC-992F-4CD4-8F30-F69E358E098F}"
	ProjectSection(SolutionItems) = preProject
		.editorconfig = .editorconfig
		.gitignore = .gitignore
		paket.dependencies = paket.dependencies
		paket.lock = paket.lock
		README.md = README.md
	EndProjectSection
EndProject
Global
	GlobalSection(SolutionConfigurationPlatforms) = preSolution
		Debug|Any CPU = Debug|Any CPU
		Release|Any CPU = Release|Any CPU
	EndGlobalSection
	GlobalSection(SolutionProperties) = preSolution
		HideSolutionNode = FALSE
	EndGlobalSection
	GlobalSection(ProjectConfigurationPlatforms) = postSolution
		{30CF47C3-001D-4427-AFF6-2251A3B90D0D}.Debug|Any CPU.ActiveCfg = Debug|Any CPU
		{30CF47C3-001D-4427-AFF6-2251A3B90D0D}.Debug|Any CPU.Build.0 = Debug|Any CPU
		{30CF47C3-001D-4427-AFF6-2251A3B90D0D}.Release|Any CPU.ActiveCfg = Release|Any CPU
		{30CF47C3-001D-4427-AFF6-2251A3B90D0D}.Release|Any CPU.Build.0 = Release|Any CPU
		{3724EC20-B201-4161-8AE4-20591BAAEB2C}.Debug|Any CPU.ActiveCfg = Debug|Any CPU
		{3724EC20-B201-4161-8AE4-20591BAAEB2C}.Debug|Any CPU.Build.0 = Debug|Any CPU
		{3724EC20-B201-4161-8AE4-20591BAAEB2C}.Release|Any CPU.ActiveCfg = Release|Any CPU
		{3724EC20-B201-4161-8AE4-20591BAAEB2C}.Release|Any CPU.Build.0 = Release|Any CPU
	EndGlobalSection
EndGlobal
